// !$*UTF8*$!
{
	archiveVersion = 1;
	classes = {
	};
	objectVersion = 50;
	objects = {

/* Begin PBXBuildFile section */
		956A7DAC26EB705C00D93564 /* AppDelegate.swift in Sources */ = {isa = PBXBuildFile; fileRef = 956A7DAB26EB705C00D93564 /* AppDelegate.swift */; };
		956A7DAE26EB705C00D93564 /* SceneDelegate.swift in Sources */ = {isa = PBXBuildFile; fileRef = 956A7DAD26EB705C00D93564 /* SceneDelegate.swift */; };
		956A7DB326EB705C00D93564 /* Main.storyboard in Resources */ = {isa = PBXBuildFile; fileRef = 956A7DB126EB705C00D93564 /* Main.storyboard */; };
		956A7DB526EB706100D93564 /* Assets.xcassets in Resources */ = {isa = PBXBuildFile; fileRef = 956A7DB426EB706100D93564 /* Assets.xcassets */; };
		956A7DB826EB706100D93564 /* LaunchScreen.storyboard in Resources */ = {isa = PBXBuildFile; fileRef = 956A7DB626EB706100D93564 /* LaunchScreen.storyboard */; };
		956A7DC026EB715400D93564 /* TravelLocationMapVC.swift in Sources */ = {isa = PBXBuildFile; fileRef = 956A7DBF26EB715400D93564 /* TravelLocationMapVC.swift */; };
		956A7DC226EB717E00D93564 /* PhotoAlbumVC.swift in Sources */ = {isa = PBXBuildFile; fileRef = 956A7DC126EB717E00D93564 /* PhotoAlbumVC.swift */; };
		956A7DC7271248C100D93564 /* VirtualTourist.xcdatamodeld in Sources */ = {isa = PBXBuildFile; fileRef = 956A7DC5271248C100D93564 /* VirtualTourist.xcdatamodeld */; };
		956A7DCA271258B000D93564 /* CollectionViewCell.swift in Sources */ = {isa = PBXBuildFile; fileRef = 956A7DC9271258B000D93564 /* CollectionViewCell.swift */; };
/* End PBXBuildFile section */

/* Begin PBXFileReference section */
		956A7DA826EB705B00D93564 /* VirtualTourist.app */ = {isa = PBXFileReference; explicitFileType = wrapper.application; includeInIndex = 0; path = VirtualTourist.app; sourceTree = BUILT_PRODUCTS_DIR; };
		956A7DAB26EB705C00D93564 /* AppDelegate.swift */ = {isa = PBXFileReference; lastKnownFileType = sourcecode.swift; path = AppDelegate.swift; sourceTree = "<group>"; };
		956A7DAD26EB705C00D93564 /* SceneDelegate.swift */ = {isa = PBXFileReference; lastKnownFileType = sourcecode.swift; path = SceneDelegate.swift; sourceTree = "<group>"; };
		956A7DB226EB705C00D93564 /* Base */ = {isa = PBXFileReference; lastKnownFileType = file.storyboard; name = Base; path = Base.lproj/Main.storyboard; sourceTree = "<group>"; };
		956A7DB426EB706100D93564 /* Assets.xcassets */ = {isa = PBXFileReference; lastKnownFileType = folder.assetcatalog; path = Assets.xcassets; sourceTree = "<group>"; };
		956A7DB726EB706100D93564 /* Base */ = {isa = PBXFileReference; lastKnownFileType = file.storyboard; name = Base; path = Base.lproj/LaunchScreen.storyboard; sourceTree = "<group>"; };
		956A7DB926EB706100D93564 /* Info.plist */ = {isa = PBXFileReference; lastKnownFileType = text.plist.xml; path = Info.plist; sourceTree = "<group>"; };
		956A7DBF26EB715400D93564 /* TravelLocationMapVC.swift */ = {isa = PBXFileReference; lastKnownFileType = sourcecode.swift; path = TravelLocationMapVC.swift; sourceTree = "<group>"; };
		956A7DC126EB717E00D93564 /* PhotoAlbumVC.swift */ = {isa = PBXFileReference; lastKnownFileType = sourcecode.swift; path = PhotoAlbumVC.swift; sourceTree = "<group>"; };
		956A7DC6271248C100D93564 /* VirtualTourist.xcdatamodel */ = {isa = PBXFileReference; lastKnownFileType = wrapper.xcdatamodel; path = VirtualTourist.xcdatamodel; sourceTree = "<group>"; };
		956A7DC9271258B000D93564 /* CollectionViewCell.swift */ = {isa = PBXFileReference; lastKnownFileType = sourcecode.swift; path = CollectionViewCell.swift; sourceTree = "<group>"; };
/* End PBXFileReference section */

/* Begin PBXFrameworksBuildPhase section */
		956A7DA526EB705B00D93564 /* Frameworks */ = {
			isa = PBXFrameworksBuildPhase;
			buildActionMask = 2147483647;
			files = (
			);
			runOnlyForDeploymentPostprocessing = 0;
		};
/* End PBXFrameworksBuildPhase section */

/* Begin PBXGroup section */
		956A7D9F26EB705B00D93564 = {
			isa = PBXGroup;
			children = (
				956A7DAA26EB705B00D93564 /* VirtualTourist */,
				956A7DA926EB705B00D93564 /* Products */,
			);
			sourceTree = "<group>";
		};
		956A7DA926EB705B00D93564 /* Products */ = {
			isa = PBXGroup;
			children = (
				956A7DA826EB705B00D93564 /* VirtualTourist.app */,
			);
			name = Products;
			sourceTree = "<group>";
		};
		956A7DAA26EB705B00D93564 /* VirtualTourist */ = {
			isa = PBXGroup;
			children = (
				956A7DAB26EB705C00D93564 /* AppDelegate.swift */,
				956A7DAD26EB705C00D93564 /* SceneDelegate.swift */,
				956A7DC8271248C800D93564 /* Model */,
				956A7DC326EB718C00D93564 /* View Controllers */,
				956A7DC426EB71A000D93564 /* Storyboards */,
				956A7DB426EB706100D93564 /* Assets.xcassets */,
				956A7DB926EB706100D93564 /* Info.plist */,
			);
			path = VirtualTourist;
			sourceTree = "<group>";
		};
		956A7DC326EB718C00D93564 /* View Controllers */ = {
			isa = PBXGroup;
			children = (
				956A7DBF26EB715400D93564 /* TravelLocationMapVC.swift */,
				956A7DC126EB717E00D93564 /* PhotoAlbumVC.swift */,
				956A7DC9271258B000D93564 /* CollectionViewCell.swift */,
			);
			path = "View Controllers";
			sourceTree = "<group>";
		};
		956A7DC426EB71A000D93564 /* Storyboards */ = {
			isa = PBXGroup;
			children = (
				956A7DB126EB705C00D93564 /* Main.storyboard */,
				956A7DB626EB706100D93564 /* LaunchScreen.storyboard */,
			);
			path = Storyboards;
			sourceTree = "<group>";
		};
		956A7DC8271248C800D93564 /* Model */ = {
			isa = PBXGroup;
			children = (
				956A7DC5271248C100D93564 /* VirtualTourist.xcdatamodeld */,
			);
			path = Model;
			sourceTree = "<group>";
		};
/* End PBXGroup section */

/* Begin PBXNativeTarget section */
		956A7DA726EB705B00D93564 /* VirtualTourist */ = {
			isa = PBXNativeTarget;
			buildConfigurationList = 956A7DBC26EB706100D93564 /* Build configuration list for PBXNativeTarget "VirtualTourist" */;
			buildPhases = (
				956A7DA426EB705B00D93564 /* Sources */,
				956A7DA526EB705B00D93564 /* Frameworks */,
				956A7DA626EB705B00D93564 /* Resources */,
			);
			buildRules = (
			);
			dependencies = (
			);
			name = VirtualTourist;
			productName = VirtualTourist;
			productReference = 956A7DA826EB705B00D93564 /* VirtualTourist.app */;
			productType = "com.apple.product-type.application";
		};
/* End PBXNativeTarget section */

/* Begin PBXProject section */
		956A7DA026EB705B00D93564 /* Project object */ = {
			isa = PBXProject;
			attributes = {
				LastSwiftUpdateCheck = 1250;
				LastUpgradeCheck = 1250;
				TargetAttributes = {
					956A7DA726EB705B00D93564 = {
						CreatedOnToolsVersion = 12.5;
					};
				};
			};
			buildConfigurationList = 956A7DA326EB705B00D93564 /* Build configuration list for PBXProject "VirtualTourist" */;
			compatibilityVersion = "Xcode 9.3";
			developmentRegion = en;
			hasScannedForEncodings = 0;
			knownRegions = (
				en,
				Base,
			);
			mainGroup = 956A7D9F26EB705B00D93564;
			productRefGroup = 956A7DA926EB705B00D93564 /* Products */;
			projectDirPath = "";
			projectRoot = "";
			targets = (
				956A7DA726EB705B00D93564 /* VirtualTourist */,
			);
		};
/* End PBXProject section */

/* Begin PBXResourcesBuildPhase section */
		956A7DA626EB705B00D93564 /* Resources */ = {
			isa = PBXResourcesBuildPhase;
			buildActionMask = 2147483647;
			files = (
				956A7DB826EB706100D93564 /* LaunchScreen.storyboard in Resources */,
				956A7DB526EB706100D93564 /* Assets.xcassets in Resources */,
				956A7DB326EB705C00D93564 /* Main.storyboard in Resources */,
			);
			runOnlyForDeploymentPostprocessing = 0;
		};
/* End PBXResourcesBuildPhase section */

/* Begin PBXSourcesBuildPhase section */
		956A7DA426EB705B00D93564 /* Sources */ = {
			isa = PBXSourcesBuildPhase;
			buildActionMask = 2147483647;
			files = (
				956A7DAC26EB705C00D93564 /* AppDelegate.swift in Sources */,
				956A7DC7271248C100D93564 /* VirtualTourist.xcdatamodeld in Sources */,
				956A7DCA271258B000D93564 /* CollectionViewCell.swift in Sources */,
				956A7DC226EB717E00D93564 /* PhotoAlbumVC.swift in Sources */,
				956A7DAE26EB705C00D93564 /* SceneDelegate.swift in Sources */,
				956A7DC026EB715400D93564 /* TravelLocationMapVC.swift in Sources */,
			);
			runOnlyForDeploymentPostprocessing = 0;
		};
/* End PBXSourcesBuildPhase section */

/* Begin PBXVariantGroup section */
		956A7DB126EB705C00D93564 /* Main.storyboard */ = {
			isa = PBXVariantGroup;
			children = (
				956A7DB226EB705C00D93564 /* Base */,
			);
			name = Main.storyboard;
			sourceTree = "<group>";
		};
		956A7DB626EB706100D93564 /* LaunchScreen.storyboard */ = {
			isa = PBXVariantGroup;
			children = (
				956A7DB726EB706100D93564 /* Base */,
			);
			name = LaunchScreen.storyboard;
			sourceTree = "<group>";
		};
/* End PBXVariantGroup section */

/* Begin XCBuildConfiguration section */
		956A7DBA26EB706100D93564 /* Debug */ = {
			isa = XCBuildConfiguration;
			buildSettings = {
				ALWAYS_SEARCH_USER_PATHS = NO;
				CLANG_ANALYZER_NONNULL = YES;
				CLANG_ANALYZER_NUMBER_OBJECT_CONVERSION = YES_AGGRESSIVE;
				CLANG_CXX_LANGUAGE_STANDARD = "gnu++14";
				CLANG_CXX_LIBRARY = "libc++";
				CLANG_ENABLE_MODULES = YES;
				CLANG_ENABLE_OBJC_ARC = YES;
				CLANG_ENABLE_OBJC_WEAK = YES;
				CLANG_WARN_BLOCK_CAPTURE_AUTORELEASING = YES;
				CLANG_WARN_BOOL_CONVERSION = YES;
				CLANG_WARN_COMMA = YES;
				CLANG_WARN_CONSTANT_CONVERSION = YES;
				CLANG_WARN_DEPRECATED_OBJC_IMPLEMENTATIONS = YES;
				CLANG_WARN_DIRECT_OBJC_ISA_USAGE = YES_ERROR;
				CLANG_WARN_DOCUMENTATION_COMMENTS = YES;
				CLANG_WARN_EMPTY_BODY = YES;
				CLANG_WARN_ENUM_CONVERSION = YES;
				CLANG_WARN_INFINITE_RECURSION = YES;
				CLANG_WARN_INT_CONVERSION = YES;
				CLANG_WARN_NON_LITERAL_NULL_CONVERSION = YES;
				CLANG_WARN_OBJC_IMPLICIT_RETAIN_SELF = YES;
				CLANG_WARN_OBJC_LITERAL_CONVERSION = YES;
				CLANG_WARN_OBJC_ROOT_CLASS = YES_ERROR;
				CLANG_WARN_QUOTED_INCLUDE_IN_FRAMEWORK_HEADER = YES;
				CLANG_WARN_RANGE_LOOP_ANALYSIS = YES;
				CLANG_WARN_STRICT_PROTOTYPES = YES;
				CLANG_WARN_SUSPICIOUS_MOVE = YES;
				CLANG_WARN_UNGUARDED_AVAILABILITY = YES_AGGRESSIVE;
				CLANG_WARN_UNREACHABLE_CODE = YES;
				CLANG_WARN__DUPLICATE_METHOD_MATCH = YES;
				COPY_PHASE_STRIP = NO;
				DEBUG_INFORMATION_FORMAT = dwarf;
				ENABLE_STRICT_OBJC_MSGSEND = YES;
				ENABLE_TESTABILITY = YES;
				GCC_C_LANGUAGE_STANDARD = gnu11;
				GCC_DYNAMIC_NO_PIC = NO;
				GCC_NO_COMMON_BLOCKS = YES;
				GCC_OPTIMIZATION_LEVEL = 0;
				GCC_PREPROCESSOR_DEFINITIONS = (
					"DEBUG=1",
					"$(inherited)",
				);
				GCC_WARN_64_TO_32_BIT_CONVERSION = YES;
				GCC_WARN_ABOUT_RETURN_TYPE = YES_ERROR;
				GCC_WARN_UNDECLARED_SELECTOR = YES;
				GCC_WARN_UNINITIALIZED_AUTOS = YES_AGGRESSIVE;
				GCC_WARN_UNUSED_FUNCTION = YES;
				GCC_WARN_UNUSED_VARIABLE = YES;
				IPHONEOS_DEPLOYMENT_TARGET = 14.5;
				MTL_ENABLE_DEBUG_INFO = INCLUDE_SOURCE;
				MTL_FAST_MATH = YES;
				ONLY_ACTIVE_ARCH = YES;
				SDKROOT = iphoneos;
				SWIFT_ACTIVE_COMPILATION_CONDITIONS = DEBUG;
				SWIFT_OPTIMIZATION_LEVEL = "-Onone";
			};
			name = Debug;
		};
		956A7DBB26EB706100D93564 /* Release */ = {
			isa = XCBuildConfiguration;
			buildSettings = {
				ALWAYS_SEARCH_USER_PATHS = NO;
				CLANG_ANALYZER_NONNULL = YES;
				CLANG_ANALYZER_NUMBER_OBJECT_CONVERSION = YES_AGGRESSIVE;
				CLANG_CXX_LANGUAGE_STANDARD = "gnu++14";
				CLANG_CXX_LIBRARY = "libc++";
				CLANG_ENABLE_MODULES = YES;
				CLANG_ENABLE_OBJC_ARC = YES;
				CLANG_ENABLE_OBJC_WEAK = YES;
				CLANG_WARN_BLOCK_CAPTURE_AUTORELEASING = YES;
				CLANG_WARN_BOOL_CONVERSION = YES;
				CLANG_WARN_COMMA = YES;
				CLANG_WARN_CONSTANT_CONVERSION = YES;
				CLANG_WARN_DEPRECATED_OBJC_IMPLEMENTATIONS = YES;
				CLANG_WARN_DIRECT_OBJC_ISA_USAGE = YES_ERROR;
				CLANG_WARN_DOCUMENTATION_COMMENTS = YES;
				CLANG_WARN_EMPTY_BODY = YES;
				CLANG_WARN_ENUM_CONVERSION = YES;
				CLANG_WARN_INFINITE_RECURSION = YES;
				CLANG_WARN_INT_CONVERSION = YES;
				CLANG_WARN_NON_LITERAL_NULL_CONVERSION = YES;
				CLANG_WARN_OBJC_IMPLICIT_RETAIN_SELF = YES;
				CLANG_WARN_OBJC_LITERAL_CONVERSION = YES;
				CLANG_WARN_OBJC_ROOT_CLASS = YES_ERROR;
				CLANG_WARN_QUOTED_INCLUDE_IN_FRAMEWORK_HEADER = YES;
				CLANG_WARN_RANGE_LOOP_ANALYSIS = YES;
				CLANG_WARN_STRICT_PROTOTYPES = YES;
				CLANG_WARN_SUSPICIOUS_MOVE = YES;
				CLANG_WARN_UNGUARDED_AVAILABILITY = YES_AGGRESSIVE;
				CLANG_WARN_UNREACHABLE_CODE = YES;
				CLANG_WARN__DUPLICATE_METHOD_MATCH = YES;
				COPY_PHASE_STRIP = NO;
				DEBUG_INFORMATION_FORMAT = "dwarf-with-dsym";
				ENABLE_NS_ASSERTIONS = NO;
				ENABLE_STRICT_OBJC_MSGSEND = YES;
				GCC_C_LANGUAGE_STANDARD = gnu11;
				GCC_NO_COMMON_BLOCKS = YES;
				GCC_WARN_64_TO_32_BIT_CONVERSION = YES;
				GCC_WARN_ABOUT_RETURN_TYPE = YES_ERROR;
				GCC_WARN_UNDECLARED_SELECTOR = YES;
				GCC_WARN_UNINITIALIZED_AUTOS = YES_AGGRESSIVE;
				GCC_WARN_UNUSED_FUNCTION = YES;
				GCC_WARN_UNUSED_VARIABLE = YES;
				IPHONEOS_DEPLOYMENT_TARGET = 14.5;
				MTL_ENABLE_DEBUG_INFO = NO;
				MTL_FAST_MATH = YES;
				SDKROOT = iphoneos;
				SWIFT_COMPILATION_MODE = wholemodule;
				SWIFT_OPTIMIZATION_LEVEL = "-O";
				VALIDATE_PRODUCT = YES;
			};
			name = Release;
		};
		956A7DBD26EB706100D93564 /* Debug */ = {
			isa = XCBuildConfiguration;
			buildSettings = {
				ASSETCATALOG_COMPILER_APPICON_NAME = AppIcon;
				ASSETCATALOG_COMPILER_GLOBAL_ACCENT_COLOR_NAME = AccentColor;
				CODE_SIGN_STYLE = Automatic;
				DEVELOPMENT_TEAM = CS38HA4SPQ;
				INFOPLIST_FILE = VirtualTourist/Info.plist;
				LD_RUNPATH_SEARCH_PATHS = (
					"$(inherited)",
					"@executable_path/Frameworks",
				);
				PRODUCT_BUNDLE_IDENTIFIER = com.nihalerdal.VirtualTourist;
				PRODUCT_NAME = "$(TARGET_NAME)";
				SWIFT_VERSION = 5.0;
				TARGETED_DEVICE_FAMILY = "1,2";
			};
			name = Debug;
		};
		956A7DBE26EB706100D93564 /* Release */ = {
			isa = XCBuildConfiguration;
			buildSettings = {
				ASSETCATALOG_COMPILER_APPICON_NAME = AppIcon;
				ASSETCATALOG_COMPILER_GLOBAL_ACCENT_COLOR_NAME = AccentColor;
				CODE_SIGN_STYLE = Automatic;
				DEVELOPMENT_TEAM = CS38HA4SPQ;
				INFOPLIST_FILE = VirtualTourist/Info.plist;
				LD_RUNPATH_SEARCH_PATHS = (
					"$(inherited)",
					"@executable_path/Frameworks",
				);
				PRODUCT_BUNDLE_IDENTIFIER = com.nihalerdal.VirtualTourist;
				PRODUCT_NAME = "$(TARGET_NAME)";
				SWIFT_VERSION = 5.0;
				TARGETED_DEVICE_FAMILY = "1,2";
			};
			name = Release;
		};
/* End XCBuildConfiguration section */

/* Begin XCConfigurationList section */
		956A7DA326EB705B00D93564 /* Build configuration list for PBXProject "VirtualTourist" */ = {
			isa = XCConfigurationList;
			buildConfigurations = (
				956A7DBA26EB706100D93564 /* Debug */,
				956A7DBB26EB706100D93564 /* Release */,
			);
			defaultConfigurationIsVisible = 0;
			defaultConfigurationName = Release;
		};
		956A7DBC26EB706100D93564 /* Build configuration list for PBXNativeTarget "VirtualTourist" */ = {
			isa = XCConfigurationList;
			buildConfigurations = (
				956A7DBD26EB706100D93564 /* Debug */,
				956A7DBE26EB706100D93564 /* Release */,
			);
			defaultConfigurationIsVisible = 0;
			defaultConfigurationName = Release;
		};
/* End XCConfigurationList section */

/* Begin XCVersionGroup section */
		956A7DC5271248C100D93564 /* VirtualTourist.xcdatamodeld */ = {
			isa = XCVersionGroup;
			children = (
				956A7DC6271248C100D93564 /* VirtualTourist.xcdatamodel */,
			);
			currentVersion = 956A7DC6271248C100D93564 /* VirtualTourist.xcdatamodel */;
			path = VirtualTourist.xcdatamodeld;
			sourceTree = "<group>";
			versionGroupType = wrapper.xcdatamodel;
		};
/* End XCVersionGroup section */
	};
	rootObject = 956A7DA026EB705B00D93564 /* Project object */;
}
